
Microsoft Visual Studio Solution File, Format Version 12.00
# Visual Studio Version 17
VisualStudioVersion = 17.1.32210.238
MinimumVisualStudioVersion = 10.0.40219.1
Project("{FAE04EC0-301F-11D3-BF4B-00C04F79EFBC}") = "ACM.BL", "ACM.BL\ACM.BL.csproj", "{2BF99815-1C24-4652-9642-A5356CABEE27}"
EndProject
Global
	GlobalSection(SolutionConfigurationPlatforms) = preSolution
		Debug|Any CPU = Debug|Any CPU
		Release|Any CPU = Release|Any CPU
	EndGlobalSection
	GlobalSection(ProjectConfigurationPlatforms) = postSolution
		{2BF99815-1C24-4652-9642-A5356CABEE27}.Debug|Any CPU.ActiveCfg = Debug|Any CPU
		{2BF99815-1C24-4652-9642-A5356CABEE27}.Debug|Any CPU.Build.0 = Debug|Any CPU
		{2BF99815-1C24-4652-9642-A5356CABEE27}.Release|Any CPU.ActiveCfg = Release|Any CPU
		{2BF99815-1C24-4652-9642-A5356CABEE27}.Release|Any CPU.Build.0 = Release|Any CPU
	EndGlobalSection
	GlobalSection(SolutionProperties) = preSolution
		HideSolutionNode = FALSE
	EndGlobalSection
	GlobalSection(ExtensibilityGlobals) = postSolution
		SolutionGuid = {5BA23AD4-3BD4-466A-A0DD-F33D1066FFEC}
	EndGlobalSection
EndGlobal
